{
  "name": "diluvium-lab",
  "version": "0.13.1",
  "lockfileVersion": 3,
  "requires": true,
  "packages": {
    "": {
      "name": "diluvium-lab",
      "version": "0.13.1",
      "license": "Apache-2.0",
      "devDependencies": {
        "@dirt-launcher/api": "file:../dirt-launcher/packages/api",
        "@lumino/application": "^2.4.10",
        "@lumino/commands": "^2.3.4",
        "@lumino/coreutils": "^2.2.3",
        "@lumino/disposable": "^2.1.6",
        "@lumino/signaling": "^2.1.6",
        "@lumino/widgets": "^2.9.0",
        "@playwright/test": "~1.56.0",
        "typescript": "^5.9.3"
      },
      "peerDependencies": {
        "@dirt-launcher/api": "*",
        "@lumino/coreutils": "^2.2.0",
        "@lumino/signaling": "^2.1.0",
        "@lumino/widgets": "^2.9.0"
      }
    },
    "../dirt-launcher/packages/api": {
      "name": "@dirt-launcher/api",
      "dev": true,
      "peerDependencies": {
        "@lumino/application": "^2.4.0",
        "@lumino/commands": "^2.3.0",
        "@lumino/coreutils": "^2.2.0",
        "@lumino/disposable": "^2.1.0",
        "@lumino/signaling": "^2.1.0",
        "@lumino/widgets": "^2.9.0"
      }
    },
    "node_modules/@dirt-launcher/api": {
      "resolved": "../dirt-launcher/packages/api",
      "link": true
    },
    "node_modules/@lumino/algorithm": {
      "version": "2.0.5",
      "resolved": "https://registry.npmjs.org/@lumino/algorithm/-/algorithm-2.0.5.tgz",
      "integrity": "sha512-yW5k0IRrNlNDL9/hLOPr0XaMYf7YSZ5a/uJ++a92ziBe7v7a3xzBJ1+Awhb6fMyanE0Mz97UOQIsHa3vWB0UQA==",
      "dev": true,
      "license": "BSD-3-Clause"
    },
    "node_modules/@lumino/application": {
      "version": "2.4.10",
      "resolved": "https://registry.npmjs.org/@lumino/application/-/application-2.4.10.tgz",
      "integrity": "sha512-NlOMzs9G7e9hIKybJ9JY0DoFOt151NTBcxCc4Z+RllYxU6ZaS1UWd1M4rk+VBJnfo95RNreT94/yKFLT0zynBA==",
      "dev": true,
      "license": "BSD-3-Clause",
      "dependencies": {
        "@lumino/commands": "^2.3.4",
        "@lumino/coreutils": "^2.2.3",
        "@lumino/widgets": "^2.9.0"
      }
    },
    "node_modules/@lumino/collections": {
      "version": "2.0.5",
      "resolved": "https://registry.npmjs.org/@lumino/collections/-/collections-2.0.5.tgz",
      "integrity": "sha512-iRthCb6cMoq1rcd4OC8dNFU7v/YbJOw647kzqrMxLPlQmMeeY5wHxF/W9qCb01VUI3zyxvh0/ND4DHB4mruJfA==",
      "dev": true,
      "license": "BSD-3-Clause",
      "dependencies": {
        "@lumino/algorithm": "^2.0.5"
      }
    },
    "node_modules/@lumino/commands": {
      "version": "2.3.4",
      "resolved": "https://registry.npmjs.org/@lumino/commands/-/commands-2.3.4.tgz",
      "integrity": "sha512-bmCdM7jxX25s9ydKZcWmF7xL051MsG5fJ9IyCHoOPcKm3keuwX3wY1PpVERuooUvU6zZfI7+LFaolWX0eCs2Hw==",
      "dev": true,
      "license": "BSD-3-Clause",
      "dependencies": {
        "@lumino/algorithm": "^2.0.5",
        "@lumino/coreutils": "^2.2.3",
        "@lumino/disposable": "^2.1.6",
        "@lumino/domutils": "^2.0.5",
        "@lumino/keyboard": "^2.0.5",
        "@lumino/signaling": "^2.1.6",
        "@lumino/virtualdom": "^2.0.5"
      }
    },
    "node_modules/@lumino/coreutils": {
      "version": "2.2.3",
      "resolved": "https://registry.npmjs.org/@lumino/coreutils/-/coreutils-2.2.3.tgz",
      "integrity": "sha512-YxmayMeq8VJCPqo1okpsA3oOoz0eZeG5qedOLmopm+N/GwQT7S34QPPts49omVUwTJ0Xo8fGzOsxnS/LwnVl1Q==",
      "dev": true,
      "license": "BSD-3-Clause",
      "dependencies": {
        "@lumino/algorithm": "^2.0.5"
      }
    },
    "node_modules/@lumino/disposable": {
      "version": "2.1.6",
      "resolved": "https://registry.npmjs.org/@lumino/disposable/-/disposable-2.1.6.tgz",
      "integrity": "sha512-mTDBsftt+dWkP3MeeLuYjJ7mtOcrMld6Pq4h7EY6HzhPSdPXzvQELZ29vpc1lq6EWz/fzCfpoE+W8AzNUCHTLg==",
      "dev": true,
      "license": "BSD-3-Clause",
      "dependencies": {
        "@lumino/signaling": "^2.1.6"
      }
    },
    "node_modules/@lumino/domutils": {
      "version": "2.0.5",
      "resolved": "https://registry.npmjs.org/@lumino/domutils/-/domutils-2.0.5.tgz",
      "integrity": "sha512-4zsSqWqAHvOFJTtvyAZsQu7qL5ZZRu37mTzppZNAI3a91jlIben3NbAMGZiyZeAnv3b9Z7S5sPOVWZKkJyhegg==",
      "dev": true,
      "license": "BSD-3-Clause"
    },
    "node_modules/@lumino/dragdrop": {
      "version": "2.1.9",
      "resolved": "https://registry.npmjs.org/@lumino/dragdrop/-/dragdrop-2.1.9.tgz",
      "integrity": "sha512-gwkdJNLrRE8GVh4Z70Yj5fhpasQNDkt8Z/aOneQbL4T1bpsMTwzdn3t/2pIZaWngrEqCGnj0ofUUuQAYZuQMyw==",
      "dev": true,
      "license": "BSD-3-Clause",
      "dependencies": {
        "@lumino/coreutils": "^2.2.3",
        "@lumino/disposable": "^2.1.6"
      }
    },
    "node_modules/@lumino/keyboard": {
      "version": "2.0.5",
      "resolved": "https://registry.npmjs.org/@lumino/keyboard/-/keyboard-2.0.5.tgz",
      "integrity": "sha512-YB7kmE0+ZeZ6oN/Qps6Ln8MXe4rZQh+27ex4GTJuxTMvvbqFhDW6mc/zN6av22HYxDlOF55YlzNhjk2LpD8k7A==",
      "dev": true,
      "license": "BSD-3-Clause"
    },
    "node_modules/@lumino/messaging": {
      "version": "2.0.5",
      "resolved": "https://registry.npmjs.org/@lumino/messaging/-/messaging-2.0.5.tgz",
      "integrity": "sha512-LNvV9xW6pkVuW8n4vFYxboJFOtt2WRJZMrg3Ta6C6LcfazVQy+ubiC8GRqBMq2ufZ1zclOWQII5QFC1wxFm6dg==",
      "dev": true,
      "license": "BSD-3-Clause",
      "dependencies": {
        "@lumino/algorithm": "^2.0.5",
        "@lumino/collections": "^2.0.5"
      }
    },
    "node_modules/@lumino/properties": {
      "version": "2.0.5",
      "resolved": "https://registry.npmjs.org/@lumino/properties/-/properties-2.0.5.tgz",
      "integrity": "sha512-+Yoo9lb/hzNKFXpkRaEC4r7aMe8prbEhscAbA/vyzqmY4NYjZsiqhxHUgyKgtGHosrrpY59Qv4ha+5csU08zsw==",
      "dev": true,
      "license": "BSD-3-Clause"
    },
    "node_modules/@lumino/signaling": {
      "version": "2.1.6",
      "resolved": "https://registry.npmjs.org/@lumino/signaling/-/signaling-2.1.6.tgz",
      "integrity": "sha512-PEB2nuNyippF/vj28oiDm7Zy8vAeVq07NE59L79GhaTe9i37TCjtA3+67DJnVGn1+fQPfexs6HdrY/90JFFwiw==",
      "dev": true,
      "license": "BSD-3-Clause",
      "dependencies": {
        "@lumino/algorithm": "^2.0.5",
        "@lumino/coreutils": "^2.2.3"
      }
    },
    "node_modules/@lumino/virtualdom": {
      "version": "2.0.5",
      "resolved": "https://registry.npmjs.org/@lumino/virtualdom/-/virtualdom-2.0.5.tgz",
      "integrity": "sha512-Qgvtv9Iruny+p2y/jPWo9tOcUqS+Nlcwg14+m+xJEclFyVTpY8gGJKTDY8Y1wVO5PpQjRPNdbF8lxzrGR/89IA==",
      "dev": true,
      "license": "BSD-3-Clause",
      "dependencies": {
        "@lumino/algorithm": "^2.0.5"
      }
    },
    "node_modules/@lumino/widgets": {
      "version": "2.9.0",
      "resolved": "https://registry.npmjs.org/@lumino/widgets/-/widgets-2.9.0.tgz",
      "integrity": "sha512-cLiHV/QJxP54Bg+Ixa24VDzj48YkgtW7drBI4gRAZqM1e3zcDF4HoDT0BsobRq4A7oaFmqNhzD/PMTtw9w9zJg==",
      "dev": true,
      "license": "BSD-3-Clause",
      "dependencies": {
        "@lumino/algorithm": "^2.0.5",
        "@lumino/commands": "^2.3.4",
        "@lumino/coreutils": "^2.2.3",
        "@lumino/disposable": "^2.1.6",
        "@lumino/domutils": "^2.0.5",
        "@lumino/dragdrop": "^2.1.9",
        "@lumino/keyboard": "^2.0.5",
        "@lumino/messaging": "^2.0.5",
        "@lumino/properties": "^2.0.5",
        "@lumino/signaling": "^2.1.6",
        "@lumino/virtualdom": "^2.0.5"
      }
    },
    "node_modules/@playwright/test": {
      "version": "1.56.1",
      "resolved": "https://registry.npmjs.org/@playwright/test/-/test-1.56.1.tgz",
      "integrity": "sha512-vSMYtL/zOcFpvJCW71Q/OEGQb7KYBPAdKh35WNSkaZA75JlAO8ED8UN6GUNTm3drWomcbcqRPFqQbLae8yBTdg==",
      "dev": true,
      "license": "Apache-2.0",
      "dependencies": {
        "playwright": "1.56.1"
      },
      "bin": {
        "playwright": "cli.js"
      },
      "engines": {
        "node": ">=18"
      }
    },
    "node_modules/fsevents": {
      "version": "2.3.2",
      "resolved": "https://registry.npmjs.org/fsevents/-/fsevents-2.3.2.tgz",
      "integrity": "sha512-xiqMQR4xAeHTuB9uWm+fFRcIOgKBMiOBP+eXiyT7jsgVCq1bkVygt00oASowB7EdtpOHaaPgKt812P9ab+DDKA==",
      "dev": true,
      "hasInstallScript": true,
      "license": "MIT",
      "optional": true,
      "os": [
        "darwin"
      ],
      "engines": {
        "node": "^8.16.0 || ^10.6.0 || >=11.0.0"
      }
    },
    "node_modules/playwright": {
      "version": "1.56.1",
      "resolved": "https://registry.npmjs.org/playwright/-/playwright-1.56.1.tgz",
      "integrity": "sha512-aFi5B0WovBHTEvpM3DzXTUaeN6eN0qWnTkKx4NQaH4Wvcmc153PdaY2UBdSYKaGYw+UyWXSVyxDUg5DoPEttjw==",
      "dev": true,
      "license": "Apache-2.0",
      "dependencies": {
        "playwright-core": "1.56.1"
      },
      "bin": {
        "playwright": "cli.js"
      },
      "engines": {
        "node": ">=18"
      },
      "optionalDependencies": {
        "fsevents": "2.3.2"
      }
    },
    "node_modules/playwright-core": {
      "version": "1.56.1",
      "resolved": "https://registry.npmjs.org/playwright-core/-/playwright-core-1.56.1.tgz",
      "integrity": "sha512-hutraynyn31F+Bifme+Ps9Vq59hKuUCz7H1kDOcBs+2oGguKkWTU50bBWrtz34OUWmIwpBTWDxaRPXrIXkgvmQ==",
      "dev": true,
      "license": "Apache-2.0",
      "bin": {
        "playwright-core": "cli.js"
      },
      "engines": {
        "node": ">=18"
      }
    },
    "node_modules/typescript": {
      "version": "5.9.3",
      "resolved": "https://registry.npmjs.org/typescript/-/typescript-5.9.3.tgz",
      "integrity": "sha512-jl1vZzPDinLr9eUt3J/t7V6FgNEw9QjvBPdysz9KfQDD41fQrC2Y4vKQdiaUpFT4bXlb1RHhLpp8wtm6M5TgSw==",
      "dev": true,
      "license": "Apache-2.0",
      "bin": {
        "tsc": "bin/tsc",
        "tsserver": "bin/tsserver"
      },
      "engines": {
        "node": ">=14.17"
      }
    }
  }
}
